
Microsoft Visual Studio Solution File, Format Version 12.00
# Visual Studio 15
VisualStudioVersion = 15.0.28307.779
MinimumVisualStudioVersion = 10.0.40219.1
Project("{FAE04EC0-301F-11D3-BF4B-00C04F79EFBC}") = "StackExchange.Redis.Collections", "StackExchange.Redis.Collections\StackExchange.Redis.Collections.csproj", "{7CDC30AA-07D9-4498-9D48-925AB1F5863B}"
EndProject
Project("{FAE04EC0-301F-11D3-BF4B-00C04F79EFBC}") = "StackExchange.Redis.Collections.UnitTest", "StackExchange.Redis.Collections.UnitTest\StackExchange.Redis.Collections.UnitTest.csproj", "{DFEFF35E-342B-40AF-8F59-3C69CB3CD46E}"
EndProject
Global
	GlobalSection(SolutionConfigurationPlatforms) = preSolution
		Debug|Any CPU = Debug|Any CPU
		Release|Any CPU = Release|Any CPU
	EndGlobalSection
	GlobalSection(ProjectConfigurationPlatforms) = postSolution
		{7CDC30AA-07D9-4498-9D48-925AB1F5863B}.Debug|Any CPU.ActiveCfg = Debug|Any CPU
		{7CDC30AA-07D9-4498-9D48-925AB1F5863B}.Debug|Any CPU.Build.0 = Debug|Any CPU
		{7CDC30AA-07D9-4498-9D48-925AB1F5863B}.Release|Any CPU.ActiveCfg = Release|Any CPU
		{7CDC30AA-07D9-4498-9D48-925AB1F5863B}.Release|Any CPU.Build.0 = Release|Any CPU
		{DFEFF35E-342B-40AF-8F59-3C69CB3CD46E}.Debug|Any CPU.ActiveCfg = Debug|Any CPU
		{DFEFF35E-342B-40AF-8F59-3C69CB3CD46E}.Debug|Any CPU.Build.0 = Debug|Any CPU
		{DFEFF35E-342B-40AF-8F59-3C69CB3CD46E}.Release|Any CPU.ActiveCfg = Release|Any CPU
		{DFEFF35E-342B-40AF-8F59-3C69CB3CD46E}.Release|Any CPU.Build.0 = Release|Any CPU
	EndGlobalSection
	GlobalSection(SolutionProperties) = preSolution
		HideSolutionNode = FALSE
	EndGlobalSection
	GlobalSection(ExtensibilityGlobals) = postSolution
		SolutionGuid = {C037F7B0-C436-4F97-A942-67DA58B539C3}
	EndGlobalSection
EndGlobal
